
Microsoft Visual Studio Solution File, Format Version 12.00
# Visual Studio Version 17
VisualStudioVersion = 17.11.35303.130
MinimumVisualStudioVersion = 10.0.40219.1
Project("{9A19103F-16F7-4668-BE54-9A1E7A4F7556}") = "WSR-SESSION1", "WSR-SESSION1\WSR-SESSION1.csproj", "{E6B98C02-E614-4EA8-8F94-F9E6C21B671F}"
EndProject
Global
	GlobalSection(SolutionConfigurationPlatforms) = preSolution
		Debug|Any CPU = Debug|Any CPU
		Release|Any CPU = Release|Any CPU
	EndGlobalSection
	GlobalSection(ProjectConfigurationPlatforms) = postSolution
		{E6B98C02-E614-4EA8-8F94-F9E6C21B671F}.Debug|Any CPU.ActiveCfg = Debug|Any CPU
		{E6B98C02-E614-4EA8-8F94-F9E6C21B671F}.Debug|Any CPU.Build.0 = Debug|Any CPU
		{E6B98C02-E614-4EA8-8F94-F9E6C21B671F}.Release|Any CPU.ActiveCfg = Release|Any CPU
		{E6B98C02-E614-4EA8-8F94-F9E6C21B671F}.Release|Any CPU.Build.0 = Release|Any CPU
	EndGlobalSection
	GlobalSection(SolutionProperties) = preSolution
		HideSolutionNode = FALSE
	EndGlobalSection
	GlobalSection(ExtensibilityGlobals) = postSolution
		SolutionGuid = {E9BC0F10-C175-450E-A064-4AD62FBC061F}
	EndGlobalSection
EndGlobal
